// !$*UTF8*$!
{
	archiveVersion = 1;
	classes = {
	};
	objectVersion = 55;
	objects = {

/* Begin PBXBuildFile section */
		6522E2B827D47A0C00E4DB27 /* AnimeItem.swift in Sources */ = {isa = PBXBuildFile; fileRef = 6522E2B727D47A0C00E4DB27 /* AnimeItem.swift */; };
		6522E2BB27D47E5F00E4DB27 /* AnimeItemRepository.swift in Sources */ = {isa = PBXBuildFile; fileRef = 6522E2BA27D47E5F00E4DB27 /* AnimeItemRepository.swift */; };
		6522E2BD27D4816900E4DB27 /* AnimeItemUseCase.swift in Sources */ = {isa = PBXBuildFile; fileRef = 6522E2BC27D4816900E4DB27 /* AnimeItemUseCase.swift */; };
		6522E2C227D485F700E4DB27 /* MyAnimeListAnimeItemRepository.swift in Sources */ = {isa = PBXBuildFile; fileRef = 6522E2C127D485F700E4DB27 /* MyAnimeListAnimeItemRepository.swift */; };
		6522E2C427D4865900E4DB27 /* Endpoint.swift in Sources */ = {isa = PBXBuildFile; fileRef = 6522E2C327D4865900E4DB27 /* Endpoint.swift */; };
		6522E2C827D4901600E4DB27 /* AppAnimeItemUsseCase.swift in Sources */ = {isa = PBXBuildFile; fileRef = 6522E2C727D4901600E4DB27 /* AppAnimeItemUsseCase.swift */; };
		6522E2CB27D4966E00E4DB27 /* APIError.swift in Sources */ = {isa = PBXBuildFile; fileRef = 6522E2CA27D4966E00E4DB27 /* APIError.swift */; };
		6522E2CD27D498CD00E4DB27 /* AnimeItemListViewController.swift in Sources */ = {isa = PBXBuildFile; fileRef = 6522E2CC27D498CD00E4DB27 /* AnimeItemListViewController.swift */; };
		6522E2D027D4AC1700E4DB27 /* AnimeItemListViewModel.swift in Sources */ = {isa = PBXBuildFile; fileRef = 6522E2CF27D4AC1700E4DB27 /* AnimeItemListViewModel.swift */; };
		6522E2D427D4B95000E4DB27 /* AnimeItemView.swift in Sources */ = {isa = PBXBuildFile; fileRef = 6522E2D327D4B95000E4DB27 /* AnimeItemView.swift */; };
		6522E2D627D4BB1500E4DB27 /* UIView+GogoAnime.swift in Sources */ = {isa = PBXBuildFile; fileRef = 6522E2D527D4BB1500E4DB27 /* UIView+GogoAnime.swift */; };
		6522E2D927D4C14F00E4DB27 /* NSLayoutConstraint+GogoAnime.swift in Sources */ = {isa = PBXBuildFile; fileRef = 6522E2D827D4C14F00E4DB27 /* NSLayoutConstraint+GogoAnime.swift */; };
		6522E2DC27D4C55300E4DB27 /* Kingfisher in Frameworks */ = {isa = PBXBuildFile; productRef = 6522E2DB27D4C55300E4DB27 /* Kingfisher */; };
		6522E2E327D4E47300E4DB27 /* FavoriteAnimeItemRepository.swift in Sources */ = {isa = PBXBuildFile; fileRef = 6522E2E227D4E47300E4DB27 /* FavoriteAnimeItemRepository.swift */; };
		6522E2E527D4E4C100E4DB27 /* LocalFavoriteAnimeItemRepository.swift in Sources */ = {isa = PBXBuildFile; fileRef = 6522E2E427D4E4C100E4DB27 /* LocalFavoriteAnimeItemRepository.swift */; };
		65D412A527D4773500918850 /* AppDelegate.swift in Sources */ = {isa = PBXBuildFile; fileRef = 65D412A427D4773500918850 /* AppDelegate.swift */; };
		65D412A727D4773500918850 /* SceneDelegate.swift in Sources */ = {isa = PBXBuildFile; fileRef = 65D412A627D4773500918850 /* SceneDelegate.swift */; };
		65D412A927D4773500918850 /* ViewController.swift in Sources */ = {isa = PBXBuildFile; fileRef = 65D412A827D4773500918850 /* ViewController.swift */; };
		65D412AC27D4773500918850 /* Main.storyboard in Resources */ = {isa = PBXBuildFile; fileRef = 65D412AA27D4773500918850 /* Main.storyboard */; };
		65D412AE27D4773600918850 /* Assets.xcassets in Resources */ = {isa = PBXBuildFile; fileRef = 65D412AD27D4773600918850 /* Assets.xcassets */; };
		65D412B127D4773600918850 /* LaunchScreen.storyboard in Resources */ = {isa = PBXBuildFile; fileRef = 65D412AF27D4773600918850 /* LaunchScreen.storyboard */; };
/* End PBXBuildFile section */

/* Begin PBXFileReference section */
		6522E2B727D47A0C00E4DB27 /* AnimeItem.swift */ = {isa = PBXFileReference; lastKnownFileType = sourcecode.swift; path = AnimeItem.swift; sourceTree = "<group>"; };
		6522E2BA27D47E5F00E4DB27 /* AnimeItemRepository.swift */ = {isa = PBXFileReference; lastKnownFileType = sourcecode.swift; path = AnimeItemRepository.swift; sourceTree = "<group>"; };
		6522E2BC27D4816900E4DB27 /* AnimeItemUseCase.swift */ = {isa = PBXFileReference; lastKnownFileType = sourcecode.swift; path = AnimeItemUseCase.swift; sourceTree = "<group>"; };
		6522E2C127D485F700E4DB27 /* MyAnimeListAnimeItemRepository.swift */ = {isa = PBXFileReference; lastKnownFileType = sourcecode.swift; path = MyAnimeListAnimeItemRepository.swift; sourceTree = "<group>"; };
		6522E2C327D4865900E4DB27 /* Endpoint.swift */ = {isa = PBXFileReference; lastKnownFileType = sourcecode.swift; path = Endpoint.swift; sourceTree = "<group>"; };
		6522E2C727D4901600E4DB27 /* AppAnimeItemUsseCase.swift */ = {isa = PBXFileReference; lastKnownFileType = sourcecode.swift; path = AppAnimeItemUsseCase.swift; sourceTree = "<group>"; };
		6522E2CA27D4966E00E4DB27 /* APIError.swift */ = {isa = PBXFileReference; lastKnownFileType = sourcecode.swift; path = APIError.swift; sourceTree = "<group>"; };
		6522E2CC27D498CD00E4DB27 /* AnimeItemListViewController.swift */ = {isa = PBXFileReference; lastKnownFileType = sourcecode.swift; path = AnimeItemListViewController.swift; sourceTree = "<group>"; };
		6522E2CF27D4AC1700E4DB27 /* AnimeItemListViewModel.swift */ = {isa = PBXFileReference; lastKnownFileType = sourcecode.swift; path = AnimeItemListViewModel.swift; sourceTree = "<group>"; };
		6522E2D327D4B95000E4DB27 /* AnimeItemView.swift */ = {isa = PBXFileReference; lastKnownFileType = sourcecode.swift; path = AnimeItemView.swift; sourceTree = "<group>"; };
		6522E2D527D4BB1500E4DB27 /* UIView+GogoAnime.swift */ = {isa = PBXFileReference; lastKnownFileType = sourcecode.swift; path = "UIView+GogoAnime.swift"; sourceTree = "<group>"; };
		6522E2D827D4C14F00E4DB27 /* NSLayoutConstraint+GogoAnime.swift */ = {isa = PBXFileReference; lastKnownFileType = sourcecode.swift; path = "NSLayoutConstraint+GogoAnime.swift"; sourceTree = "<group>"; };
		6522E2E227D4E47300E4DB27 /* FavoriteAnimeItemRepository.swift */ = {isa = PBXFileReference; lastKnownFileType = sourcecode.swift; path = FavoriteAnimeItemRepository.swift; sourceTree = "<group>"; };
		6522E2E427D4E4C100E4DB27 /* LocalFavoriteAnimeItemRepository.swift */ = {isa = PBXFileReference; lastKnownFileType = sourcecode.swift; path = LocalFavoriteAnimeItemRepository.swift; sourceTree = "<group>"; };
		65D412A127D4773500918850 /* GogoAnime.app */ = {isa = PBXFileReference; explicitFileType = wrapper.application; includeInIndex = 0; path = GogoAnime.app; sourceTree = BUILT_PRODUCTS_DIR; };
		65D412A427D4773500918850 /* AppDelegate.swift */ = {isa = PBXFileReference; lastKnownFileType = sourcecode.swift; path = AppDelegate.swift; sourceTree = "<group>"; };
		65D412A627D4773500918850 /* SceneDelegate.swift */ = {isa = PBXFileReference; lastKnownFileType = sourcecode.swift; path = SceneDelegate.swift; sourceTree = "<group>"; };
		65D412A827D4773500918850 /* ViewController.swift */ = {isa = PBXFileReference; lastKnownFileType = sourcecode.swift; path = ViewController.swift; sourceTree = "<group>"; };
		65D412AB27D4773500918850 /* Base */ = {isa = PBXFileReference; lastKnownFileType = file.storyboard; name = Base; path = Base.lproj/Main.storyboard; sourceTree = "<group>"; };
		65D412AD27D4773600918850 /* Assets.xcassets */ = {isa = PBXFileReference; lastKnownFileType = folder.assetcatalog; path = Assets.xcassets; sourceTree = "<group>"; };
		65D412B027D4773600918850 /* Base */ = {isa = PBXFileReference; lastKnownFileType = file.storyboard; name = Base; path = Base.lproj/LaunchScreen.storyboard; sourceTree = "<group>"; };
		65D412B227D4773600918850 /* Info.plist */ = {isa = PBXFileReference; lastKnownFileType = text.plist.xml; path = Info.plist; sourceTree = "<group>"; };
/* End PBXFileReference section */

/* Begin PBXFrameworksBuildPhase section */
		65D4129E27D4773500918850 /* Frameworks */ = {
			isa = PBXFrameworksBuildPhase;
			buildActionMask = 2147483647;
			files = (
				6522E2DC27D4C55300E4DB27 /* Kingfisher in Frameworks */,
			);
			runOnlyForDeploymentPostprocessing = 0;
		};
/* End PBXFrameworksBuildPhase section */

/* Begin PBXGroup section */
		6522E2B627D4789A00E4DB27 /* Model */ = {
			isa = PBXGroup;
			children = (
				6522E2B727D47A0C00E4DB27 /* AnimeItem.swift */,
			);
			path = Model;
			sourceTree = "<group>";
		};
		6522E2B927D47E5300E4DB27 /* Repository */ = {
			isa = PBXGroup;
			children = (
				6522E2BA27D47E5F00E4DB27 /* AnimeItemRepository.swift */,
				6522E2E227D4E47300E4DB27 /* FavoriteAnimeItemRepository.swift */,
			);
			path = Repository;
			sourceTree = "<group>";
		};
		6522E2BE27D482DC00E4DB27 /* UseCases */ = {
			isa = PBXGroup;
			children = (
				6522E2BC27D4816900E4DB27 /* AnimeItemUseCase.swift */,
			);
			path = UseCases;
			sourceTree = "<group>";
		};
		6522E2BF27D4859D00E4DB27 /* Domain */ = {
			isa = PBXGroup;
			children = (
				6522E2BE27D482DC00E4DB27 /* UseCases */,
				6522E2B927D47E5300E4DB27 /* Repository */,
				6522E2B627D4789A00E4DB27 /* Model */,
			);
			path = Domain;
			sourceTree = "<group>";
		};
		6522E2C027D485B900E4DB27 /* MyAnimeList Service */ = {
			isa = PBXGroup;
			children = (
				6522E2C327D4865900E4DB27 /* Endpoint.swift */,
				6522E2CA27D4966E00E4DB27 /* APIError.swift */,
				6522E2C627D48FE700E4DB27 /* Repository */,
			);
			path = "MyAnimeList Service";
			sourceTree = "<group>";
		};
		6522E2C627D48FE700E4DB27 /* Repository */ = {
			isa = PBXGroup;
			children = (
				6522E2C127D485F700E4DB27 /* MyAnimeListAnimeItemRepository.swift */,
			);
			path = Repository;
			sourceTree = "<group>";
		};
		6522E2C927D4901C00E4DB27 /* UseCases */ = {
			isa = PBXGroup;
			children = (
				6522E2C727D4901600E4DB27 /* AppAnimeItemUsseCase.swift */,
			);
			path = UseCases;
			sourceTree = "<group>";
		};
		6522E2CE27D49DC400E4DB27 /* Anime Item List */ = {
			isa = PBXGroup;
			children = (
				6522E2CF27D4AC1700E4DB27 /* AnimeItemListViewModel.swift */,
				6522E2CC27D498CD00E4DB27 /* AnimeItemListViewController.swift */,
				6522E2D327D4B95000E4DB27 /* AnimeItemView.swift */,
			);
			path = "Anime Item List";
			sourceTree = "<group>";
		};
		6522E2D727D4BB2300E4DB27 /* Extensions */ = {
			isa = PBXGroup;
			children = (
				6522E2D527D4BB1500E4DB27 /* UIView+GogoAnime.swift */,
				6522E2D827D4C14F00E4DB27 /* NSLayoutConstraint+GogoAnime.swift */,
			);
			path = Extensions;
			sourceTree = "<group>";
		};
		6522E2E127D4DA3300E4DB27 /* Local Service */ = {
			isa = PBXGroup;
			children = (
				6522E2E627D4E51800E4DB27 /* Repository */,
			);
			path = "Local Service";
			sourceTree = "<group>";
		};
		6522E2E627D4E51800E4DB27 /* Repository */ = {
			isa = PBXGroup;
			children = (
				6522E2E427D4E4C100E4DB27 /* LocalFavoriteAnimeItemRepository.swift */,
			);
			path = Repository;
			sourceTree = "<group>";
		};
		65D4129827D4773500918850 = {
			isa = PBXGroup;
			children = (
				65D412A327D4773500918850 /* GogoAnime */,
				65D412A227D4773500918850 /* Products */,
			);
			sourceTree = "<group>";
		};
		65D412A227D4773500918850 /* Products */ = {
			isa = PBXGroup;
			children = (
				65D412A127D4773500918850 /* GogoAnime.app */,
			);
			name = Products;
			sourceTree = "<group>";
		};
		65D412A327D4773500918850 /* GogoAnime */ = {
			isa = PBXGroup;
			children = (
				65D412A427D4773500918850 /* AppDelegate.swift */,
				65D412A627D4773500918850 /* SceneDelegate.swift */,
				65D412A827D4773500918850 /* ViewController.swift */,
				6522E2C927D4901C00E4DB27 /* UseCases */,
				6522E2CE27D49DC400E4DB27 /* Anime Item List */,
				6522E2BF27D4859D00E4DB27 /* Domain */,
				6522E2C027D485B900E4DB27 /* MyAnimeList Service */,
				6522E2E127D4DA3300E4DB27 /* Local Service */,
				6522E2D727D4BB2300E4DB27 /* Extensions */,
				65D412AA27D4773500918850 /* Main.storyboard */,
				65D412AD27D4773600918850 /* Assets.xcassets */,
				65D412AF27D4773600918850 /* LaunchScreen.storyboard */,
				65D412B227D4773600918850 /* Info.plist */,
			);
			path = GogoAnime;
			sourceTree = "<group>";
		};
/* End PBXGroup section */

/* Begin PBXNativeTarget section */
		65D412A027D4773500918850 /* GogoAnime */ = {
			isa = PBXNativeTarget;
			buildConfigurationList = 65D412B527D4773600918850 /* Build configuration list for PBXNativeTarget "GogoAnime" */;
			buildPhases = (
				65D4129D27D4773500918850 /* Sources */,
				65D4129E27D4773500918850 /* Frameworks */,
				65D4129F27D4773500918850 /* Resources */,
			);
			buildRules = (
			);
			dependencies = (
			);
			name = GogoAnime;
			packageProductDependencies = (
				6522E2DB27D4C55300E4DB27 /* Kingfisher */,
			);
			productName = GogoAnime;
			productReference = 65D412A127D4773500918850 /* GogoAnime.app */;
			productType = "com.apple.product-type.application";
		};
/* End PBXNativeTarget section */

/* Begin PBXProject section */
		65D4129927D4773500918850 /* Project object */ = {
			isa = PBXProject;
			attributes = {
				BuildIndependentTargetsInParallel = 1;
				LastSwiftUpdateCheck = 1320;
				LastUpgradeCheck = 1320;
				TargetAttributes = {
					65D412A027D4773500918850 = {
						CreatedOnToolsVersion = 13.2.1;
					};
				};
			};
			buildConfigurationList = 65D4129C27D4773500918850 /* Build configuration list for PBXProject "GogoAnime" */;
			compatibilityVersion = "Xcode 13.0";
			developmentRegion = en;
			hasScannedForEncodings = 0;
			knownRegions = (
				en,
				Base,
			);
			mainGroup = 65D4129827D4773500918850;
			packageReferences = (
				6522E2DA27D4C55300E4DB27 /* XCRemoteSwiftPackageReference "Kingfisher" */,
			);
			productRefGroup = 65D412A227D4773500918850 /* Products */;
			projectDirPath = "";
			projectRoot = "";
			targets = (
				65D412A027D4773500918850 /* GogoAnime */,
			);
		};
/* End PBXProject section */

/* Begin PBXResourcesBuildPhase section */
		65D4129F27D4773500918850 /* Resources */ = {
			isa = PBXResourcesBuildPhase;
			buildActionMask = 2147483647;
			files = (
				65D412B127D4773600918850 /* LaunchScreen.storyboard in Resources */,
				65D412AE27D4773600918850 /* Assets.xcassets in Resources */,
				65D412AC27D4773500918850 /* Main.storyboard in Resources */,
			);
			runOnlyForDeploymentPostprocessing = 0;
		};
/* End PBXResourcesBuildPhase section */

/* Begin PBXSourcesBuildPhase section */
		65D4129D27D4773500918850 /* Sources */ = {
			isa = PBXSourcesBuildPhase;
			buildActionMask = 2147483647;
			files = (
				6522E2BD27D4816900E4DB27 /* AnimeItemUseCase.swift in Sources */,
				6522E2D627D4BB1500E4DB27 /* UIView+GogoAnime.swift in Sources */,
				6522E2C827D4901600E4DB27 /* AppAnimeItemUsseCase.swift in Sources */,
				6522E2C227D485F700E4DB27 /* MyAnimeListAnimeItemRepository.swift in Sources */,
				6522E2CB27D4966E00E4DB27 /* APIError.swift in Sources */,
				6522E2D027D4AC1700E4DB27 /* AnimeItemListViewModel.swift in Sources */,
				6522E2D427D4B95000E4DB27 /* AnimeItemView.swift in Sources */,
				6522E2C427D4865900E4DB27 /* Endpoint.swift in Sources */,
				65D412A927D4773500918850 /* ViewController.swift in Sources */,
				6522E2CD27D498CD00E4DB27 /* AnimeItemListViewController.swift in Sources */,
				6522E2D927D4C14F00E4DB27 /* NSLayoutConstraint+GogoAnime.swift in Sources */,
				6522E2BB27D47E5F00E4DB27 /* AnimeItemRepository.swift in Sources */,
				6522E2E527D4E4C100E4DB27 /* LocalFavoriteAnimeItemRepository.swift in Sources */,
				65D412A527D4773500918850 /* AppDelegate.swift in Sources */,
				65D412A727D4773500918850 /* SceneDelegate.swift in Sources */,
				6522E2B827D47A0C00E4DB27 /* AnimeItem.swift in Sources */,
				6522E2E327D4E47300E4DB27 /* FavoriteAnimeItemRepository.swift in Sources */,
			);
			runOnlyForDeploymentPostprocessing = 0;
		};
/* End PBXSourcesBuildPhase section */

/* Begin PBXVariantGroup section */
		65D412AA27D4773500918850 /* Main.storyboard */ = {
			isa = PBXVariantGroup;
			children = (
				65D412AB27D4773500918850 /* Base */,
			);
			name = Main.storyboard;
			sourceTree = "<group>";
		};
		65D412AF27D4773600918850 /* LaunchScreen.storyboard */ = {
			isa = PBXVariantGroup;
			children = (
				65D412B027D4773600918850 /* Base */,
			);
			name = LaunchScreen.storyboard;
			sourceTree = "<group>";
		};
/* End PBXVariantGroup section */

/* Begin XCBuildConfiguration section */
		65D412B327D4773600918850 /* Debug */ = {
			isa = XCBuildConfiguration;
			buildSettings = {
				ALWAYS_SEARCH_USER_PATHS = NO;
				CLANG_ANALYZER_NONNULL = YES;
				CLANG_ANALYZER_NUMBER_OBJECT_CONVERSION = YES_AGGRESSIVE;
				CLANG_CXX_LANGUAGE_STANDARD = "gnu++17";
				CLANG_CXX_LIBRARY = "libc++";
				CLANG_ENABLE_MODULES = YES;
				CLANG_ENABLE_OBJC_ARC = YES;
				CLANG_ENABLE_OBJC_WEAK = YES;
				CLANG_WARN_BLOCK_CAPTURE_AUTORELEASING = YES;
				CLANG_WARN_BOOL_CONVERSION = YES;
				CLANG_WARN_COMMA = YES;
				CLANG_WARN_CONSTANT_CONVERSION = YES;
				CLANG_WARN_DEPRECATED_OBJC_IMPLEMENTATIONS = YES;
				CLANG_WARN_DIRECT_OBJC_ISA_USAGE = YES_ERROR;
				CLANG_WARN_DOCUMENTATION_COMMENTS = YES;
				CLANG_WARN_EMPTY_BODY = YES;
				CLANG_WARN_ENUM_CONVERSION = YES;
				CLANG_WARN_INFINITE_RECURSION = YES;
				CLANG_WARN_INT_CONVERSION = YES;
				CLANG_WARN_NON_LITERAL_NULL_CONVERSION = YES;
				CLANG_WARN_OBJC_IMPLICIT_RETAIN_SELF = YES;
				CLANG_WARN_OBJC_LITERAL_CONVERSION = YES;
				CLANG_WARN_OBJC_ROOT_CLASS = YES_ERROR;
				CLANG_WARN_QUOTED_INCLUDE_IN_FRAMEWORK_HEADER = YES;
				CLANG_WARN_RANGE_LOOP_ANALYSIS = YES;
				CLANG_WARN_STRICT_PROTOTYPES = YES;
				CLANG_WARN_SUSPICIOUS_MOVE = YES;
				CLANG_WARN_UNGUARDED_AVAILABILITY = YES_AGGRESSIVE;
				CLANG_WARN_UNREACHABLE_CODE = YES;
				CLANG_WARN__DUPLICATE_METHOD_MATCH = YES;
				COPY_PHASE_STRIP = NO;
				DEBUG_INFORMATION_FORMAT = dwarf;
				ENABLE_STRICT_OBJC_MSGSEND = YES;
				ENABLE_TESTABILITY = YES;
				GCC_C_LANGUAGE_STANDARD = gnu11;
				GCC_DYNAMIC_NO_PIC = NO;
				GCC_NO_COMMON_BLOCKS = YES;
				GCC_OPTIMIZATION_LEVEL = 0;
				GCC_PREPROCESSOR_DEFINITIONS = (
					"DEBUG=1",
					"$(inherited)",
				);
				GCC_WARN_64_TO_32_BIT_CONVERSION = YES;
				GCC_WARN_ABOUT_RETURN_TYPE = YES_ERROR;
				GCC_WARN_UNDECLARED_SELECTOR = YES;
				GCC_WARN_UNINITIALIZED_AUTOS = YES_AGGRESSIVE;
				GCC_WARN_UNUSED_FUNCTION = YES;
				GCC_WARN_UNUSED_VARIABLE = YES;
				IPHONEOS_DEPLOYMENT_TARGET = 15.2;
				MTL_ENABLE_DEBUG_INFO = INCLUDE_SOURCE;
				MTL_FAST_MATH = YES;
				ONLY_ACTIVE_ARCH = YES;
				SDKROOT = iphoneos;
				SWIFT_ACTIVE_COMPILATION_CONDITIONS = DEBUG;
				SWIFT_OPTIMIZATION_LEVEL = "-Onone";
			};
			name = Debug;
		};
		65D412B427D4773600918850 /* Release */ = {
			isa = XCBuildConfiguration;
			buildSettings = {
				ALWAYS_SEARCH_USER_PATHS = NO;
				CLANG_ANALYZER_NONNULL = YES;
				CLANG_ANALYZER_NUMBER_OBJECT_CONVERSION = YES_AGGRESSIVE;
				CLANG_CXX_LANGUAGE_STANDARD = "gnu++17";
				CLANG_CXX_LIBRARY = "libc++";
				CLANG_ENABLE_MODULES = YES;
				CLANG_ENABLE_OBJC_ARC = YES;
				CLANG_ENABLE_OBJC_WEAK = YES;
				CLANG_WARN_BLOCK_CAPTURE_AUTORELEASING = YES;
				CLANG_WARN_BOOL_CONVERSION = YES;
				CLANG_WARN_COMMA = YES;
				CLANG_WARN_CONSTANT_CONVERSION = YES;
				CLANG_WARN_DEPRECATED_OBJC_IMPLEMENTATIONS = YES;
				CLANG_WARN_DIRECT_OBJC_ISA_USAGE = YES_ERROR;
				CLANG_WARN_DOCUMENTATION_COMMENTS = YES;
				CLANG_WARN_EMPTY_BODY = YES;
				CLANG_WARN_ENUM_CONVERSION = YES;
				CLANG_WARN_INFINITE_RECURSION = YES;
				CLANG_WARN_INT_CONVERSION = YES;
				CLANG_WARN_NON_LITERAL_NULL_CONVERSION = YES;
				CLANG_WARN_OBJC_IMPLICIT_RETAIN_SELF = YES;
				CLANG_WARN_OBJC_LITERAL_CONVERSION = YES;
				CLANG_WARN_OBJC_ROOT_CLASS = YES_ERROR;
				CLANG_WARN_QUOTED_INCLUDE_IN_FRAMEWORK_HEADER = YES;
				CLANG_WARN_RANGE_LOOP_ANALYSIS = YES;
				CLANG_WARN_STRICT_PROTOTYPES = YES;
				CLANG_WARN_SUSPICIOUS_MOVE = YES;
				CLANG_WARN_UNGUARDED_AVAILABILITY = YES_AGGRESSIVE;
				CLANG_WARN_UNREACHABLE_CODE = YES;
				CLANG_WARN__DUPLICATE_METHOD_MATCH = YES;
				COPY_PHASE_STRIP = NO;
				DEBUG_INFORMATION_FORMAT = "dwarf-with-dsym";
				ENABLE_NS_ASSERTIONS = NO;
				ENABLE_STRICT_OBJC_MSGSEND = YES;
				GCC_C_LANGUAGE_STANDARD = gnu11;
				GCC_NO_COMMON_BLOCKS = YES;
				GCC_WARN_64_TO_32_BIT_CONVERSION = YES;
				GCC_WARN_ABOUT_RETURN_TYPE = YES_ERROR;
				GCC_WARN_UNDECLARED_SELECTOR = YES;
				GCC_WARN_UNINITIALIZED_AUTOS = YES_AGGRESSIVE;
				GCC_WARN_UNUSED_FUNCTION = YES;
				GCC_WARN_UNUSED_VARIABLE = YES;
				IPHONEOS_DEPLOYMENT_TARGET = 15.2;
				MTL_ENABLE_DEBUG_INFO = NO;
				MTL_FAST_MATH = YES;
				SDKROOT = iphoneos;
				SWIFT_COMPILATION_MODE = wholemodule;
				SWIFT_OPTIMIZATION_LEVEL = "-O";
				VALIDATE_PRODUCT = YES;
			};
			name = Release;
		};
		65D412B627D4773600918850 /* Debug */ = {
			isa = XCBuildConfiguration;
			buildSettings = {
				ASSETCATALOG_COMPILER_APPICON_NAME = AppIcon;
				ASSETCATALOG_COMPILER_GLOBAL_ACCENT_COLOR_NAME = AccentColor;
				CODE_SIGN_STYLE = Automatic;
				CURRENT_PROJECT_VERSION = 1;
				DEVELOPMENT_TEAM = XR36VWF86K;
				GENERATE_INFOPLIST_FILE = YES;
				INFOPLIST_FILE = GogoAnime/Info.plist;
				INFOPLIST_KEY_UIApplicationSupportsIndirectInputEvents = YES;
				INFOPLIST_KEY_UILaunchStoryboardName = LaunchScreen;
				INFOPLIST_KEY_UIMainStoryboardFile = Main;
				INFOPLIST_KEY_UISupportedInterfaceOrientations_iPad = "UIInterfaceOrientationPortrait UIInterfaceOrientationPortraitUpsideDown UIInterfaceOrientationLandscapeLeft UIInterfaceOrientationLandscapeRight";
				INFOPLIST_KEY_UISupportedInterfaceOrientations_iPhone = "UIInterfaceOrientationPortrait UIInterfaceOrientationLandscapeLeft UIInterfaceOrientationLandscapeRight";
				LD_RUNPATH_SEARCH_PATHS = (
					"$(inherited)",
					"@executable_path/Frameworks",
				);
				MARKETING_VERSION = 1.0;
				PRODUCT_BUNDLE_IDENTIFIER = cc.tommylin.GogoAnime;
				PRODUCT_NAME = "$(TARGET_NAME)";
				SWIFT_EMIT_LOC_STRINGS = YES;
				SWIFT_VERSION = 5.0;
				TARGETED_DEVICE_FAMILY = "1,2";
			};
			name = Debug;
		};
		65D412B727D4773600918850 /* Release */ = {
			isa = XCBuildConfiguration;
			buildSettings = {
				ASSETCATALOG_COMPILER_APPICON_NAME = AppIcon;
				ASSETCATALOG_COMPILER_GLOBAL_ACCENT_COLOR_NAME = AccentColor;
				CODE_SIGN_STYLE = Automatic;
				CURRENT_PROJECT_VERSION = 1;
				DEVELOPMENT_TEAM = XR36VWF86K;
				GENERATE_INFOPLIST_FILE = YES;
				INFOPLIST_FILE = GogoAnime/Info.plist;
				INFOPLIST_KEY_UIApplicationSupportsIndirectInputEvents = YES;
				INFOPLIST_KEY_UILaunchStoryboardName = LaunchScreen;
				INFOPLIST_KEY_UIMainStoryboardFile = Main;
				INFOPLIST_KEY_UISupportedInterfaceOrientations_iPad = "UIInterfaceOrientationPortrait UIInterfaceOrientationPortraitUpsideDown UIInterfaceOrientationLandscapeLeft UIInterfaceOrientationLandscapeRight";
				INFOPLIST_KEY_UISupportedInterfaceOrientations_iPhone = "UIInterfaceOrientationPortrait UIInterfaceOrientationLandscapeLeft UIInterfaceOrientationLandscapeRight";
				LD_RUNPATH_SEARCH_PATHS = (
					"$(inherited)",
					"@executable_path/Frameworks",
				);
				MARKETING_VERSION = 1.0;
				PRODUCT_BUNDLE_IDENTIFIER = cc.tommylin.GogoAnime;
				PRODUCT_NAME = "$(TARGET_NAME)";
				SWIFT_EMIT_LOC_STRINGS = YES;
				SWIFT_VERSION = 5.0;
				TARGETED_DEVICE_FAMILY = "1,2";
			};
			name = Release;
		};
/* End XCBuildConfiguration section */

/* Begin XCConfigurationList section */
		65D4129C27D4773500918850 /* Build configuration list for PBXProject "GogoAnime" */ = {
			isa = XCConfigurationList;
			buildConfigurations = (
				65D412B327D4773600918850 /* Debug */,
				65D412B427D4773600918850 /* Release */,
			);
			defaultConfigurationIsVisible = 0;
			defaultConfigurationName = Release;
		};
		65D412B527D4773600918850 /* Build configuration list for PBXNativeTarget "GogoAnime" */ = {
			isa = XCConfigurationList;
			buildConfigurations = (
				65D412B627D4773600918850 /* Debug */,
				65D412B727D4773600918850 /* Release */,
			);
			defaultConfigurationIsVisible = 0;
			defaultConfigurationName = Release;
		};
/* End XCConfigurationList section */

/* Begin XCRemoteSwiftPackageReference section */
		6522E2DA27D4C55300E4DB27 /* XCRemoteSwiftPackageReference "Kingfisher" */ = {
			isa = XCRemoteSwiftPackageReference;
			repositoryURL = "git@github.com:onevcat/Kingfisher.git";
			requirement = {
				kind = upToNextMinorVersion;
				minimumVersion = 7.2.0;
			};
		};
/* End XCRemoteSwiftPackageReference section */

/* Begin XCSwiftPackageProductDependency section */
		6522E2DB27D4C55300E4DB27 /* Kingfisher */ = {
			isa = XCSwiftPackageProductDependency;
			package = 6522E2DA27D4C55300E4DB27 /* XCRemoteSwiftPackageReference "Kingfisher" */;
			productName = Kingfisher;
		};
/* End XCSwiftPackageProductDependency section */
	};
	rootObject = 65D4129927D4773500918850 /* Project object */;
}
